
Microsoft Visual Studio Solution File, Format Version 12.00
# Visual Studio Version 17
VisualStudioVersion = 17.8.34316.72
MinimumVisualStudioVersion = 10.0.40219.1
Project("{9A19103F-16F7-4668-BE54-9A1E7A4F7556}") = "HearMyVoiceConsole", "HearMyVoiceConsole\HearMyVoiceConsole.csproj", "{9C80C76F-3278-4EC4-A774-25FBB66967D5}"
EndProject
Project("{FAE04EC0-301F-11D3-BF4B-00C04F79EFBC}") = "HearMyVoiceAPI", "HearMyVoiceAPI\HearMyVoiceAPI.csproj", "{FC4022E4-C1C1-4C07-B6BF-DC90B384BBD6}"
EndProject
Project("{FAE04EC0-301F-11D3-BF4B-00C04F79EFBC}") = "HearMyVoiceData", "HearMyVoiceData\HearMyVoiceData.csproj", "{92813AD3-CEA2-4199-ADDB-447D9EBB4320}"
EndProject
Project("{FAE04EC0-301F-11D3-BF4B-00C04F79EFBC}") = "HeayMyVoiceCommon", "HeayMyVoiceCommon\HeayMyVoiceCommon.csproj", "{3D0079DA-A336-4579-B22F-6F92D734CEC8}"
EndProject
Project("{FAE04EC0-301F-11D3-BF4B-00C04F79EFBC}") = "HeayMyVoiceBusinness", "HeayMyVoiceBusinness\HeayMyVoiceBusinness.csproj", "{1EB978B9-C31E-4EF6-8A4B-2A461ECE864A}"
EndProject
Global
	GlobalSection(SolutionConfigurationPlatforms) = preSolution
		Debug|Any CPU = Debug|Any CPU
		Release|Any CPU = Release|Any CPU
	EndGlobalSection
	GlobalSection(ProjectConfigurationPlatforms) = postSolution
		{9C80C76F-3278-4EC4-A774-25FBB66967D5}.Debug|Any CPU.ActiveCfg = Debug|Any CPU
		{9C80C76F-3278-4EC4-A774-25FBB66967D5}.Debug|Any CPU.Build.0 = Debug|Any CPU
		{9C80C76F-3278-4EC4-A774-25FBB66967D5}.Release|Any CPU.ActiveCfg = Release|Any CPU
		{9C80C76F-3278-4EC4-A774-25FBB66967D5}.Release|Any CPU.Build.0 = Release|Any CPU
		{FC4022E4-C1C1-4C07-B6BF-DC90B384BBD6}.Debug|Any CPU.ActiveCfg = Debug|Any CPU
		{FC4022E4-C1C1-4C07-B6BF-DC90B384BBD6}.Debug|Any CPU.Build.0 = Debug|Any CPU
		{FC4022E4-C1C1-4C07-B6BF-DC90B384BBD6}.Release|Any CPU.ActiveCfg = Release|Any CPU
		{FC4022E4-C1C1-4C07-B6BF-DC90B384BBD6}.Release|Any CPU.Build.0 = Release|Any CPU
		{92813AD3-CEA2-4199-ADDB-447D9EBB4320}.Debug|Any CPU.ActiveCfg = Debug|Any CPU
		{92813AD3-CEA2-4199-ADDB-447D9EBB4320}.Debug|Any CPU.Build.0 = Debug|Any CPU
		{92813AD3-CEA2-4199-ADDB-447D9EBB4320}.Release|Any CPU.ActiveCfg = Release|Any CPU
		{92813AD3-CEA2-4199-ADDB-447D9EBB4320}.Release|Any CPU.Build.0 = Release|Any CPU
		{3D0079DA-A336-4579-B22F-6F92D734CEC8}.Debug|Any CPU.ActiveCfg = Debug|Any CPU
		{3D0079DA-A336-4579-B22F-6F92D734CEC8}.Debug|Any CPU.Build.0 = Debug|Any CPU
		{3D0079DA-A336-4579-B22F-6F92D734CEC8}.Release|Any CPU.ActiveCfg = Release|Any CPU
		{3D0079DA-A336-4579-B22F-6F92D734CEC8}.Release|Any CPU.Build.0 = Release|Any CPU
		{1EB978B9-C31E-4EF6-8A4B-2A461ECE864A}.Debug|Any CPU.ActiveCfg = Debug|Any CPU
		{1EB978B9-C31E-4EF6-8A4B-2A461ECE864A}.Debug|Any CPU.Build.0 = Debug|Any CPU
		{1EB978B9-C31E-4EF6-8A4B-2A461ECE864A}.Release|Any CPU.ActiveCfg = Release|Any CPU
		{1EB978B9-C31E-4EF6-8A4B-2A461ECE864A}.Release|Any CPU.Build.0 = Release|Any CPU
	EndGlobalSection
	GlobalSection(SolutionProperties) = preSolution
		HideSolutionNode = FALSE
	EndGlobalSection
	GlobalSection(ExtensibilityGlobals) = postSolution
		SolutionGuid = {1384430B-C55A-4AF2-A754-7821C8B0CD1B}
	EndGlobalSection
EndGlobal
